
Microsoft Visual Studio Solution File, Format Version 12.00
# Visual Studio Version 16
VisualStudioVersion = 16.0.31205.134
MinimumVisualStudioVersion = 10.0.40219.1
Project("{9A19103F-16F7-4668-BE54-9A1E7A4F7556}") = "Doraemon.Data", "Doraemon.Data\Doraemon.Data.csproj", "{6C46D573-CA0D-431E-8A39-EF5CFFA2070B}"
EndProject
Project("{9A19103F-16F7-4668-BE54-9A1E7A4F7556}") = "Doraemon.Common", "Doraemon.Common\Doraemon.Common.csproj", "{44A70BAB-CBAB-4CCA-84C7-7C33C87C804F}"
EndProject
Project("{9A19103F-16F7-4668-BE54-9A1E7A4F7556}") = "Doraemon", "Doraemon\Doraemon.csproj", "{CFB9FBA4-35EA-46B7-8776-5DD057F137FC}"
EndProject
Project("{FAE04EC0-301F-11D3-BF4B-00C04F79EFBC}") = "Doraemon.Services", "Doraemon.Services\Doraemon.Services.csproj", "{4E7E7550-34ED-40EC-AC84-5500D9073C3C}"
EndProject
Global
	GlobalSection(SolutionConfigurationPlatforms) = preSolution
		Debug|Any CPU = Debug|Any CPU
		Release|Any CPU = Release|Any CPU
	EndGlobalSection
	GlobalSection(ProjectConfigurationPlatforms) = postSolution
		{6C46D573-CA0D-431E-8A39-EF5CFFA2070B}.Debug|Any CPU.ActiveCfg = Debug|Any CPU
		{6C46D573-CA0D-431E-8A39-EF5CFFA2070B}.Debug|Any CPU.Build.0 = Debug|Any CPU
		{6C46D573-CA0D-431E-8A39-EF5CFFA2070B}.Release|Any CPU.ActiveCfg = Release|Any CPU
		{6C46D573-CA0D-431E-8A39-EF5CFFA2070B}.Release|Any CPU.Build.0 = Release|Any CPU
		{44A70BAB-CBAB-4CCA-84C7-7C33C87C804F}.Debug|Any CPU.ActiveCfg = Debug|Any CPU
		{44A70BAB-CBAB-4CCA-84C7-7C33C87C804F}.Debug|Any CPU.Build.0 = Debug|Any CPU
		{44A70BAB-CBAB-4CCA-84C7-7C33C87C804F}.Release|Any CPU.ActiveCfg = Release|Any CPU
		{44A70BAB-CBAB-4CCA-84C7-7C33C87C804F}.Release|Any CPU.Build.0 = Release|Any CPU
		{CFB9FBA4-35EA-46B7-8776-5DD057F137FC}.Debug|Any CPU.ActiveCfg = Debug|Any CPU
		{CFB9FBA4-35EA-46B7-8776-5DD057F137FC}.Debug|Any CPU.Build.0 = Debug|Any CPU
		{CFB9FBA4-35EA-46B7-8776-5DD057F137FC}.Release|Any CPU.ActiveCfg = Release|Any CPU
		{CFB9FBA4-35EA-46B7-8776-5DD057F137FC}.Release|Any CPU.Build.0 = Release|Any CPU
		{4E7E7550-34ED-40EC-AC84-5500D9073C3C}.Debug|Any CPU.ActiveCfg = Debug|Any CPU
		{4E7E7550-34ED-40EC-AC84-5500D9073C3C}.Debug|Any CPU.Build.0 = Debug|Any CPU
		{4E7E7550-34ED-40EC-AC84-5500D9073C3C}.Release|Any CPU.ActiveCfg = Release|Any CPU
		{4E7E7550-34ED-40EC-AC84-5500D9073C3C}.Release|Any CPU.Build.0 = Release|Any CPU
	EndGlobalSection
	GlobalSection(SolutionProperties) = preSolution
		HideSolutionNode = FALSE
	EndGlobalSection
	GlobalSection(ExtensibilityGlobals) = postSolution
		SolutionGuid = {483A76F8-1899-4C50-810A-99F623F88AD9}
	EndGlobalSection
EndGlobal
